
Microsoft Visual Studio Solution File, Format Version 12.00
# Visual Studio Version 17
VisualStudioVersion = 17.4.33213.308
MinimumVisualStudioVersion = 10.0.40219.1
Project("{9A19103F-16F7-4668-BE54-9A1E7A4F7556}") = "FirstRazorPages", "FirstRazorPages\FirstRazorPages.csproj", "{73049B1F-9EAA-4F04-9082-1E3F39C03B6A}"
EndProject
Global
	GlobalSection(SolutionConfigurationPlatforms) = preSolution
		Debug|Any CPU = Debug|Any CPU
		Release|Any CPU = Release|Any CPU
	EndGlobalSection
	GlobalSection(ProjectConfigurationPlatforms) = postSolution
		{73049B1F-9EAA-4F04-9082-1E3F39C03B6A}.Debug|Any CPU.ActiveCfg = Debug|Any CPU
		{73049B1F-9EAA-4F04-9082-1E3F39C03B6A}.Debug|Any CPU.Build.0 = Debug|Any CPU
		{73049B1F-9EAA-4F04-9082-1E3F39C03B6A}.Release|Any CPU.ActiveCfg = Release|Any CPU
		{73049B1F-9EAA-4F04-9082-1E3F39C03B6A}.Release|Any CPU.Build.0 = Release|Any CPU
	EndGlobalSection
	GlobalSection(SolutionProperties) = preSolution
		HideSolutionNode = FALSE
	EndGlobalSection
	GlobalSection(ExtensibilityGlobals) = postSolution
		SolutionGuid = {E9B1F5DB-1835-41BD-B225-8EC115145409}
	EndGlobalSection
EndGlobal
